
Microsoft Visual Studio Solution File, Format Version 12.00
# Visual Studio Version 17
VisualStudioVersion = 17.10.35013.160
MinimumVisualStudioVersion = 10.0.40219.1
Project("{FAE04EC0-301F-11D3-BF4B-00C04F79EFBC}") = "11(Задачи)", "11(Задачи)\11(Задачи).csproj", "{FB3E78A5-9A5F-4E23-8C87-E1D8D226F65B}"
EndProject
Global
	GlobalSection(SolutionConfigurationPlatforms) = preSolution
		Debug|Any CPU = Debug|Any CPU
		Release|Any CPU = Release|Any CPU
	EndGlobalSection
	GlobalSection(ProjectConfigurationPlatforms) = postSolution
		{FB3E78A5-9A5F-4E23-8C87-E1D8D226F65B}.Debug|Any CPU.ActiveCfg = Debug|Any CPU
		{FB3E78A5-9A5F-4E23-8C87-E1D8D226F65B}.Debug|Any CPU.Build.0 = Debug|Any CPU
		{FB3E78A5-9A5F-4E23-8C87-E1D8D226F65B}.Release|Any CPU.ActiveCfg = Release|Any CPU
		{FB3E78A5-9A5F-4E23-8C87-E1D8D226F65B}.Release|Any CPU.Build.0 = Release|Any CPU
	EndGlobalSection
	GlobalSection(SolutionProperties) = preSolution
		HideSolutionNode = FALSE
	EndGlobalSection
	GlobalSection(ExtensibilityGlobals) = postSolution
		SolutionGuid = {6A5E6BD6-C2BC-48C2-8AB9-F1C7CA8B81F9}
	EndGlobalSection
EndGlobal
